
Microsoft Visual Studio Solution File, Format Version 12.00
# Visual Studio Version 17
VisualStudioVersion = 17.14.36310.24 d17.14
MinimumVisualStudioVersion = 10.0.40219.1
Project("{FAE04EC0-301F-11D3-BF4B-00C04F79EFBC}") = "TestingAPI", "TestingAPI\TestingAPI.csproj", "{959816E7-3D76-4637-88AB-12C143632735}"
EndProject
Project("{FAE04EC0-301F-11D3-BF4B-00C04F79EFBC}") = "Tests", "Tests\Tests.csproj", "{87E002C2-BADF-4439-8F46-AE236368821B}"
EndProject
Global
	GlobalSection(SolutionConfigurationPlatforms) = preSolution
		Debug|Any CPU = Debug|Any CPU
		Release|Any CPU = Release|Any CPU
	EndGlobalSection
	GlobalSection(ProjectConfigurationPlatforms) = postSolution
		{959816E7-3D76-4637-88AB-12C143632735}.Debug|Any CPU.ActiveCfg = Debug|Any CPU
		{959816E7-3D76-4637-88AB-12C143632735}.Debug|Any CPU.Build.0 = Debug|Any CPU
		{959816E7-3D76-4637-88AB-12C143632735}.Release|Any CPU.ActiveCfg = Release|Any CPU
		{959816E7-3D76-4637-88AB-12C143632735}.Release|Any CPU.Build.0 = Release|Any CPU
		{87E002C2-BADF-4439-8F46-AE236368821B}.Debug|Any CPU.ActiveCfg = Debug|Any CPU
		{87E002C2-BADF-4439-8F46-AE236368821B}.Debug|Any CPU.Build.0 = Debug|Any CPU
		{87E002C2-BADF-4439-8F46-AE236368821B}.Release|Any CPU.ActiveCfg = Release|Any CPU
		{87E002C2-BADF-4439-8F46-AE236368821B}.Release|Any CPU.Build.0 = Release|Any CPU
	EndGlobalSection
	GlobalSection(SolutionProperties) = preSolution
		HideSolutionNode = FALSE
	EndGlobalSection
	GlobalSection(ExtensibilityGlobals) = postSolution
		SolutionGuid = {8D566048-6B9D-4AD7-B38C-3D4829D6E3F3}
	EndGlobalSection
EndGlobal
